PODS:
  - Capacitor (7.4.4):
    - CapacitorCordova
  - CapacitorApp (7.1.0):
    - Capacitor
  - CapacitorCordova (7.4.4)

DEPENDENCIES:
  - "Capacitor (from `../../node_modules/.pnpm/@capacitor+ios@7.4.4_@capacitor+core@7.4.4/node_modules/@capacitor/ios`)"
  - "CapacitorApp (from `../../node_modules/.pnpm/@capacitor+app@7.1.0_@capacitor+core@7.4.4/node_modules/@capacitor/app`)"
  - "CapacitorCordova (from `../../node_modules/.pnpm/@capacitor+ios@7.4.4_@capacitor+core@7.4.4/node_modules/@capacitor/ios`)"

EXTERNAL SOURCES:
  Capacitor:
    :path: "../../node_modules/.pnpm/@capacitor+ios@7.4.4_@capacitor+core@7.4.4/node_modules/@capacitor/ios"
  CapacitorApp:
    :path: "../../node_modules/.pnpm/@capacitor+app@7.1.0_@capacitor+core@7.4.4/node_modules/@capacitor/app"
  CapacitorCordova:
    :path: "../../node_modules/.pnpm/@capacitor+ios@7.4.4_@capacitor+core@7.4.4/node_modules/@capacitor/ios"

SPEC CHECKSUMS:
  Capacitor: 358dd1c3fdd71d969547b17e159fd8a7736cb45f
  CapacitorApp: 26587c2ce485d88ddb39adb21cac64f8e481afe3
  CapacitorCordova: bf648a636f3c153f652d312ae145fb508b6ffced

PODFILE CHECKSUM: 26a37bbdc0ee785b157f996e292a51153cffb662

COCOAPODS: 1.16.2
