PODS:
  - Capacitor (7.4.3):
    - CapacitorCordova
  - CapacitorApp (7.1.0):
    - Capacitor
  - CapacitorCamera (7.0.2):
    - Capacitor
  - CapacitorCordova (7.4.3)
  - CapacitorNetwork (7.0.2):
    - Capacitor
  - CapacitorPreferences (7.0.2):
    - Capacitor
  - CapacitorPushNotifications (7.0.3):
    - Capacitor

DEPENDENCIES:
  - "Capacitor (from `../../node_modules/.pnpm/@capacitor+ios@7.4.3_@capacitor+core@7.4.3/node_modules/@capacitor/ios`)"
  - "CapacitorApp (from `../../node_modules/.pnpm/@capacitor+app@7.1.0_@capacitor+core@7.4.3/node_modules/@capacitor/app`)"
  - "CapacitorCamera (from `../../node_modules/.pnpm/@capacitor+camera@7.0.2_@capacitor+core@7.4.3/node_modules/@capacitor/camera`)"
  - "CapacitorCordova (from `../../node_modules/.pnpm/@capacitor+ios@7.4.3_@capacitor+core@7.4.3/node_modules/@capacitor/ios`)"
  - "CapacitorNetwork (from `../../node_modules/.pnpm/@capacitor+network@7.0.2_@capacitor+core@7.4.3/node_modules/@capacitor/network`)"
  - "CapacitorPreferences (from `../../node_modules/.pnpm/@capacitor+preferences@7.0.2_@capacitor+core@7.4.3/node_modules/@capacitor/preferences`)"
  - "CapacitorPushNotifications (from `../../node_modules/.pnpm/@capacitor+push-notifications@7.0.3_@capacitor+core@7.4.3/node_modules/@capacitor/push-notifications`)"

EXTERNAL SOURCES:
  Capacitor:
    :path: "../../node_modules/.pnpm/@capacitor+ios@7.4.3_@capacitor+core@7.4.3/node_modules/@capacitor/ios"
  CapacitorApp:
    :path: "../../node_modules/.pnpm/@capacitor+app@7.1.0_@capacitor+core@7.4.3/node_modules/@capacitor/app"
  CapacitorCamera:
    :path: "../../node_modules/.pnpm/@capacitor+camera@7.0.2_@capacitor+core@7.4.3/node_modules/@capacitor/camera"
  CapacitorCordova:
    :path: "../../node_modules/.pnpm/@capacitor+ios@7.4.3_@capacitor+core@7.4.3/node_modules/@capacitor/ios"
  CapacitorNetwork:
    :path: "../../node_modules/.pnpm/@capacitor+network@7.0.2_@capacitor+core@7.4.3/node_modules/@capacitor/network"
  CapacitorPreferences:
    :path: "../../node_modules/.pnpm/@capacitor+preferences@7.0.2_@capacitor+core@7.4.3/node_modules/@capacitor/preferences"
  CapacitorPushNotifications:
    :path: "../../node_modules/.pnpm/@capacitor+push-notifications@7.0.3_@capacitor+core@7.4.3/node_modules/@capacitor/push-notifications"

SPEC CHECKSUMS:
  Capacitor: b4741ca7affb32c1b70debd03df92cbf522d8a80
  CapacitorApp: 846d4b4a1dbb19dd1e9029c08ba6f028aa7be862
  CapacitorCamera: 6e18d54c8ab30d7dc7b8cd93d96f9b4f57e9202a
  CapacitorCordova: 435121e81a2df4d0034f0fb11fcefab5104cfdb5
  CapacitorNetwork: 9b9eaeb417ec0ffa22e2bc33a4c71df10e1d6f06
  CapacitorPreferences: b583b5deb74e564c35968189d25d32c0fd41200d
  CapacitorPushNotifications: 729ade0d2791ec1969feaf931a15e28d929a6d70

PODFILE CHECKSUM: ec04d604f6718284460d59e50b509871f20a61bc

COCOAPODS: 1.8.4
